// !$*UTF8*$!
{
	archiveVersion = 1;
	classes = {
	};
	objectVersion = 55;
	objects = {

/* Begin PBXBuildFile section */
		D03C3E3D282F3C750018B0C9 /* AppDelegate.swift in Sources */ = {isa = PBXBuildFile; fileRef = D03C3E3C282F3C750018B0C9 /* AppDelegate.swift */; };
		D03C3E3F282F3C750018B0C9 /* SceneDelegate.swift in Sources */ = {isa = PBXBuildFile; fileRef = D03C3E3E282F3C750018B0C9 /* SceneDelegate.swift */; };
		D03C3E41282F3C750018B0C9 /* ViewController.swift in Sources */ = {isa = PBXBuildFile; fileRef = D03C3E40282F3C750018B0C9 /* ViewController.swift */; };
		D03C3E44282F3C750018B0C9 /* Main.storyboard in Resources */ = {isa = PBXBuildFile; fileRef = D03C3E42282F3C750018B0C9 /* Main.storyboard */; };
		D03C3E47282F3C750018B0C9 /* NativeRequest.xcdatamodeld in Sources */ = {isa = PBXBuildFile; fileRef = D03C3E45282F3C750018B0C9 /* NativeRequest.xcdatamodeld */; };
		D03C3E49282F3C770018B0C9 /* Assets.xcassets in Resources */ = {isa = PBXBuildFile; fileRef = D03C3E48282F3C770018B0C9 /* Assets.xcassets */; };
		D03C3E4C282F3C770018B0C9 /* LaunchScreen.storyboard in Resources */ = {isa = PBXBuildFile; fileRef = D03C3E4A282F3C770018B0C9 /* LaunchScreen.storyboard */; };
		D03C3E54282F3C880018B0C9 /* InternetStatus.swift in Sources */ = {isa = PBXBuildFile; fileRef = D03C3E53282F3C880018B0C9 /* InternetStatus.swift */; };
		D0A1394F2830006B005DE83A /* DetalleViewController.swift in Sources */ = {isa = PBXBuildFile; fileRef = D0A1394E2830006B005DE83A /* DetalleViewController.swift */; };
/* End PBXBuildFile section */

/* Begin PBXFileReference section */
		D03C3E39282F3C750018B0C9 /* NativeRequest.app */ = {isa = PBXFileReference; explicitFileType = wrapper.application; includeInIndex = 0; path = NativeRequest.app; sourceTree = BUILT_PRODUCTS_DIR; };
		D03C3E3C282F3C750018B0C9 /* AppDelegate.swift */ = {isa = PBXFileReference; lastKnownFileType = sourcecode.swift; path = AppDelegate.swift; sourceTree = "<group>"; };
		D03C3E3E282F3C750018B0C9 /* SceneDelegate.swift */ = {isa = PBXFileReference; lastKnownFileType = sourcecode.swift; path = SceneDelegate.swift; sourceTree = "<group>"; };
		D03C3E40282F3C750018B0C9 /* ViewController.swift */ = {isa = PBXFileReference; lastKnownFileType = sourcecode.swift; path = ViewController.swift; sourceTree = "<group>"; };
		D03C3E43282F3C750018B0C9 /* Base */ = {isa = PBXFileReference; lastKnownFileType = file.storyboard; name = Base; path = Base.lproj/Main.storyboard; sourceTree = "<group>"; };
		D03C3E46282F3C750018B0C9 /* NativeRequest.xcdatamodel */ = {isa = PBXFileReference; lastKnownFileType = wrapper.xcdatamodel; path = NativeRequest.xcdatamodel; sourceTree = "<group>"; };
		D03C3E48282F3C770018B0C9 /* Assets.xcassets */ = {isa = PBXFileReference; lastKnownFileType = folder.assetcatalog; path = Assets.xcassets; sourceTree = "<group>"; };
		D03C3E4B282F3C770018B0C9 /* Base */ = {isa = PBXFileReference; lastKnownFileType = file.storyboard; name = Base; path = Base.lproj/LaunchScreen.storyboard; sourceTree = "<group>"; };
		D03C3E4D282F3C770018B0C9 /* Info.plist */ = {isa = PBXFileReference; lastKnownFileType = text.plist.xml; path = Info.plist; sourceTree = "<group>"; };
		D03C3E53282F3C880018B0C9 /* InternetStatus.swift */ = {isa = PBXFileReference; lastKnownFileType = sourcecode.swift; path = InternetStatus.swift; sourceTree = "<group>"; };
		D0A1394E2830006B005DE83A /* DetalleViewController.swift */ = {isa = PBXFileReference; lastKnownFileType = sourcecode.swift; path = DetalleViewController.swift; sourceTree = "<group>"; };
/* End PBXFileReference section */

/* Begin PBXFrameworksBuildPhase section */
		D03C3E36282F3C750018B0C9 /* Frameworks */ = {
			isa = PBXFrameworksBuildPhase;
			buildActionMask = 2147483647;
			files = (
			);
			runOnlyForDeploymentPostprocessing = 0;
		};
/* End PBXFrameworksBuildPhase section */

/* Begin PBXGroup section */
		D03C3E30282F3C750018B0C9 = {
			isa = PBXGroup;
			children = (
				D03C3E3B282F3C750018B0C9 /* NativeRequest */,
				D03C3E3A282F3C750018B0C9 /* Products */,
			);
			sourceTree = "<group>";
		};
		D03C3E3A282F3C750018B0C9 /* Products */ = {
			isa = PBXGroup;
			children = (
				D03C3E39282F3C750018B0C9 /* NativeRequest.app */,
			);
			name = Products;
			sourceTree = "<group>";
		};
		D03C3E3B282F3C750018B0C9 /* NativeRequest */ = {
			isa = PBXGroup;
			children = (
				D03C3E3C282F3C750018B0C9 /* AppDelegate.swift */,
				D03C3E3E282F3C750018B0C9 /* SceneDelegate.swift */,
				D03C3E40282F3C750018B0C9 /* ViewController.swift */,
				D03C3E42282F3C750018B0C9 /* Main.storyboard */,
				D03C3E48282F3C770018B0C9 /* Assets.xcassets */,
				D03C3E4A282F3C770018B0C9 /* LaunchScreen.storyboard */,
				D03C3E4D282F3C770018B0C9 /* Info.plist */,
				D03C3E45282F3C750018B0C9 /* NativeRequest.xcdatamodeld */,
				D03C3E53282F3C880018B0C9 /* InternetStatus.swift */,
				D0A1394E2830006B005DE83A /* DetalleViewController.swift */,
			);
			path = NativeRequest;
			sourceTree = "<group>";
		};
/* End PBXGroup section */

/* Begin PBXNativeTarget section */
		D03C3E38282F3C750018B0C9 /* NativeRequest */ = {
			isa = PBXNativeTarget;
			buildConfigurationList = D03C3E50282F3C770018B0C9 /* Build configuration list for PBXNativeTarget "NativeRequest" */;
			buildPhases = (
				D03C3E35282F3C750018B0C9 /* Sources */,
				D03C3E36282F3C750018B0C9 /* Frameworks */,
				D03C3E37282F3C750018B0C9 /* Resources */,
			);
			buildRules = (
			);
			dependencies = (
			);
			name = NativeRequest;
			productName = NativeRequest;
			productReference = D03C3E39282F3C750018B0C9 /* NativeRequest.app */;
			productType = "com.apple.product-type.application";
		};
/* End PBXNativeTarget section */

/* Begin PBXProject section */
		D03C3E31282F3C750018B0C9 /* Project object */ = {
			isa = PBXProject;
			attributes = {
				BuildIndependentTargetsInParallel = 1;
				LastSwiftUpdateCheck = 1310;
				LastUpgradeCheck = 1310;
				TargetAttributes = {
					D03C3E38282F3C750018B0C9 = {
						CreatedOnToolsVersion = 13.1;
					};
				};
			};
			buildConfigurationList = D03C3E34282F3C750018B0C9 /* Build configuration list for PBXProject "NativeRequest" */;
			compatibilityVersion = "Xcode 13.0";
			developmentRegion = en;
			hasScannedForEncodings = 0;
			knownRegions = (
				en,
				Base,
			);
			mainGroup = D03C3E30282F3C750018B0C9;
			productRefGroup = D03C3E3A282F3C750018B0C9 /* Products */;
			projectDirPath = "";
			projectRoot = "";
			targets = (
				D03C3E38282F3C750018B0C9 /* NativeRequest */,
			);
		};
/* End PBXProject section */

/* Begin PBXResourcesBuildPhase section */
		D03C3E37282F3C750018B0C9 /* Resources */ = {
			isa = PBXResourcesBuildPhase;
			buildActionMask = 2147483647;
			files = (
				D03C3E4C282F3C770018B0C9 /* LaunchScreen.storyboard in Resources */,
				D03C3E49282F3C770018B0C9 /* Assets.xcassets in Resources */,
				D03C3E44282F3C750018B0C9 /* Main.storyboard in Resources */,
			);
			runOnlyForDeploymentPostprocessing = 0;
		};
/* End PBXResourcesBuildPhase section */

/* Begin PBXSourcesBuildPhase section */
		D03C3E35282F3C750018B0C9 /* Sources */ = {
			isa = PBXSourcesBuildPhase;
			buildActionMask = 2147483647;
			files = (
				D0A1394F2830006B005DE83A /* DetalleViewController.swift in Sources */,
				D03C3E41282F3C750018B0C9 /* ViewController.swift in Sources */,
				D03C3E3D282F3C750018B0C9 /* AppDelegate.swift in Sources */,
				D03C3E47282F3C750018B0C9 /* NativeRequest.xcdatamodeld in Sources */,
				D03C3E3F282F3C750018B0C9 /* SceneDelegate.swift in Sources */,
				D03C3E54282F3C880018B0C9 /* InternetStatus.swift in Sources */,
			);
			runOnlyForDeploymentPostprocessing = 0;
		};
/* End PBXSourcesBuildPhase section */

/* Begin PBXVariantGroup section */
		D03C3E42282F3C750018B0C9 /* Main.storyboard */ = {
			isa = PBXVariantGroup;
			children = (
				D03C3E43282F3C750018B0C9 /* Base */,
			);
			name = Main.storyboard;
			sourceTree = "<group>";
		};
		D03C3E4A282F3C770018B0C9 /* LaunchScreen.storyboard */ = {
			isa = PBXVariantGroup;
			children = (
				D03C3E4B282F3C770018B0C9 /* Base */,
			);
			name = LaunchScreen.storyboard;
			sourceTree = "<group>";
		};
/* End PBXVariantGroup section */

/* Begin XCBuildConfiguration section */
		D03C3E4E282F3C770018B0C9 /* Debug */ = {
			isa = XCBuildConfiguration;
			buildSettings = {
				ALWAYS_SEARCH_USER_PATHS = NO;
				CLANG_ANALYZER_NONNULL = YES;
				CLANG_ANALYZER_NUMBER_OBJECT_CONVERSION = YES_AGGRESSIVE;
				CLANG_CXX_LANGUAGE_STANDARD = "gnu++17";
				CLANG_CXX_LIBRARY = "libc++";
				CLANG_ENABLE_MODULES = YES;
				CLANG_ENABLE_OBJC_ARC = YES;
				CLANG_ENABLE_OBJC_WEAK = YES;
				CLANG_WARN_BLOCK_CAPTURE_AUTORELEASING = YES;
				CLANG_WARN_BOOL_CONVERSION = YES;
				CLANG_WARN_COMMA = YES;
				CLANG_WARN_CONSTANT_CONVERSION = YES;
				CLANG_WARN_DEPRECATED_OBJC_IMPLEMENTATIONS = YES;
				CLANG_WARN_DIRECT_OBJC_ISA_USAGE = YES_ERROR;
				CLANG_WARN_DOCUMENTATION_COMMENTS = YES;
				CLANG_WARN_EMPTY_BODY = YES;
				CLANG_WARN_ENUM_CONVERSION = YES;
				CLANG_WARN_INFINITE_RECURSION = YES;
				CLANG_WARN_INT_CONVERSION = YES;
				CLANG_WARN_NON_LITERAL_NULL_CONVERSION = YES;
				CLANG_WARN_OBJC_IMPLICIT_RETAIN_SELF = YES;
				CLANG_WARN_OBJC_LITERAL_CONVERSION = YES;
				CLANG_WARN_OBJC_ROOT_CLASS = YES_ERROR;
				CLANG_WARN_QUOTED_INCLUDE_IN_FRAMEWORK_HEADER = YES;
				CLANG_WARN_RANGE_LOOP_ANALYSIS = YES;
				CLANG_WARN_STRICT_PROTOTYPES = YES;
				CLANG_WARN_SUSPICIOUS_MOVE = YES;
				CLANG_WARN_UNGUARDED_AVAILABILITY = YES_AGGRESSIVE;
				CLANG_WARN_UNREACHABLE_CODE = YES;
				CLANG_WARN__DUPLICATE_METHOD_MATCH = YES;
				COPY_PHASE_STRIP = NO;
				DEBUG_INFORMATION_FORMAT = dwarf;
				ENABLE_STRICT_OBJC_MSGSEND = YES;
				ENABLE_TESTABILITY = YES;
				GCC_C_LANGUAGE_STANDARD = gnu11;
				GCC_DYNAMIC_NO_PIC = NO;
				GCC_NO_COMMON_BLOCKS = YES;
				GCC_OPTIMIZATION_LEVEL = 0;
				GCC_PREPROCESSOR_DEFINITIONS = (
					"DEBUG=1",
					"$(inherited)",
				);
				GCC_WARN_64_TO_32_BIT_CONVERSION = YES;
				GCC_WARN_ABOUT_RETURN_TYPE = YES_ERROR;
				GCC_WARN_UNDECLARED_SELECTOR = YES;
				GCC_WARN_UNINITIALIZED_AUTOS = YES_AGGRESSIVE;
				GCC_WARN_UNUSED_FUNCTION = YES;
				GCC_WARN_UNUSED_VARIABLE = YES;
				IPHONEOS_DEPLOYMENT_TARGET = 15.0;
				MTL_ENABLE_DEBUG_INFO = INCLUDE_SOURCE;
				MTL_FAST_MATH = YES;
				ONLY_ACTIVE_ARCH = YES;
				SDKROOT = iphoneos;
				SWIFT_ACTIVE_COMPILATION_CONDITIONS = DEBUG;
				SWIFT_OPTIMIZATION_LEVEL = "-Onone";
			};
			name = Debug;
		};
		D03C3E4F282F3C770018B0C9 /* Release */ = {
			isa = XCBuildConfiguration;
			buildSettings = {
				ALWAYS_SEARCH_USER_PATHS = NO;
				CLANG_ANALYZER_NONNULL = YES;
				CLANG_ANALYZER_NUMBER_OBJECT_CONVERSION = YES_AGGRESSIVE;
				CLANG_CXX_LANGUAGE_STANDARD = "gnu++17";
				CLANG_CXX_LIBRARY = "libc++";
				CLANG_ENABLE_MODULES = YES;
				CLANG_ENABLE_OBJC_ARC = YES;
				CLANG_ENABLE_OBJC_WEAK = YES;
				CLANG_WARN_BLOCK_CAPTURE_AUTORELEASING = YES;
				CLANG_WARN_BOOL_CONVERSION = YES;
				CLANG_WARN_COMMA = YES;
				CLANG_WARN_CONSTANT_CONVERSION = YES;
				CLANG_WARN_DEPRECATED_OBJC_IMPLEMENTATIONS = YES;
				CLANG_WARN_DIRECT_OBJC_ISA_USAGE = YES_ERROR;
				CLANG_WARN_DOCUMENTATION_COMMENTS = YES;
				CLANG_WARN_EMPTY_BODY = YES;
				CLANG_WARN_ENUM_CONVERSION = YES;
				CLANG_WARN_INFINITE_RECURSION = YES;
				CLANG_WARN_INT_CONVERSION = YES;
				CLANG_WARN_NON_LITERAL_NULL_CONVERSION = YES;
				CLANG_WARN_OBJC_IMPLICIT_RETAIN_SELF = YES;
				CLANG_WARN_OBJC_LITERAL_CONVERSION = YES;
				CLANG_WARN_OBJC_ROOT_CLASS = YES_ERROR;
				CLANG_WARN_QUOTED_INCLUDE_IN_FRAMEWORK_HEADER = YES;
				CLANG_WARN_RANGE_LOOP_ANALYSIS = YES;
				CLANG_WARN_STRICT_PROTOTYPES = YES;
				CLANG_WARN_SUSPICIOUS_MOVE = YES;
				CLANG_WARN_UNGUARDED_AVAILABILITY = YES_AGGRESSIVE;
				CLANG_WARN_UNREACHABLE_CODE = YES;
				CLANG_WARN__DUPLICATE_METHOD_MATCH = YES;
				COPY_PHASE_STRIP = NO;
				DEBUG_INFORMATION_FORMAT = "dwarf-with-dsym";
				ENABLE_NS_ASSERTIONS = NO;
				ENABLE_STRICT_OBJC_MSGSEND = YES;
				GCC_C_LANGUAGE_STANDARD = gnu11;
				GCC_NO_COMMON_BLOCKS = YES;
				GCC_WARN_64_TO_32_BIT_CONVERSION = YES;
				GCC_WARN_ABOUT_RETURN_TYPE = YES_ERROR;
				GCC_WARN_UNDECLARED_SELECTOR = YES;
				GCC_WARN_UNINITIALIZED_AUTOS = YES_AGGRESSIVE;
				GCC_WARN_UNUSED_FUNCTION = YES;
				GCC_WARN_UNUSED_VARIABLE = YES;
				IPHONEOS_DEPLOYMENT_TARGET = 15.0;
				MTL_ENABLE_DEBUG_INFO = NO;
				MTL_FAST_MATH = YES;
				SDKROOT = iphoneos;
				SWIFT_COMPILATION_MODE = wholemodule;
				SWIFT_OPTIMIZATION_LEVEL = "-O";
				VALIDATE_PRODUCT = YES;
			};
			name = Release;
		};
		D03C3E51282F3C770018B0C9 /* Debug */ = {
			isa = XCBuildConfiguration;
			buildSettings = {
				ASSETCATALOG_COMPILER_APPICON_NAME = AppIcon;
				ASSETCATALOG_COMPILER_GLOBAL_ACCENT_COLOR_NAME = AccentColor;
				CODE_SIGN_STYLE = Automatic;
				CURRENT_PROJECT_VERSION = 1;
				DEVELOPMENT_TEAM = A26BSB4QL6;
				GENERATE_INFOPLIST_FILE = YES;
				INFOPLIST_FILE = NativeRequest/Info.plist;
				INFOPLIST_KEY_UIApplicationSupportsIndirectInputEvents = YES;
				INFOPLIST_KEY_UILaunchStoryboardName = LaunchScreen;
				INFOPLIST_KEY_UIMainStoryboardFile = Main;
				INFOPLIST_KEY_UISupportedInterfaceOrientations_iPad = "UIInterfaceOrientationPortrait UIInterfaceOrientationPortraitUpsideDown UIInterfaceOrientationLandscapeLeft UIInterfaceOrientationLandscapeRight";
				INFOPLIST_KEY_UISupportedInterfaceOrientations_iPhone = "UIInterfaceOrientationPortrait UIInterfaceOrientationLandscapeLeft UIInterfaceOrientationLandscapeRight";
				LD_RUNPATH_SEARCH_PATHS = (
					"$(inherited)",
					"@executable_path/Frameworks",
				);
				MARKETING_VERSION = 1.0;
				PRODUCT_BUNDLE_IDENTIFIER = com.dev.eraydel.NativeRequest;
				PRODUCT_NAME = "$(TARGET_NAME)";
				SWIFT_EMIT_LOC_STRINGS = YES;
				SWIFT_VERSION = 5.0;
				TARGETED_DEVICE_FAMILY = "1,2";
			};
			name = Debug;
		};
		D03C3E52282F3C770018B0C9 /* Release */ = {
			isa = XCBuildConfiguration;
			buildSettings = {
				ASSETCATALOG_COMPILER_APPICON_NAME = AppIcon;
				ASSETCATALOG_COMPILER_GLOBAL_ACCENT_COLOR_NAME = AccentColor;
				CODE_SIGN_STYLE = Automatic;
				CURRENT_PROJECT_VERSION = 1;
				DEVELOPMENT_TEAM = A26BSB4QL6;
				GENERATE_INFOPLIST_FILE = YES;
				INFOPLIST_FILE = NativeRequest/Info.plist;
				INFOPLIST_KEY_UIApplicationSupportsIndirectInputEvents = YES;
				INFOPLIST_KEY_UILaunchStoryboardName = LaunchScreen;
				INFOPLIST_KEY_UIMainStoryboardFile = Main;
				INFOPLIST_KEY_UISupportedInterfaceOrientations_iPad = "UIInterfaceOrientationPortrait UIInterfaceOrientationPortraitUpsideDown UIInterfaceOrientationLandscapeLeft UIInterfaceOrientationLandscapeRight";
				INFOPLIST_KEY_UISupportedInterfaceOrientations_iPhone = "UIInterfaceOrientationPortrait UIInterfaceOrientationLandscapeLeft UIInterfaceOrientationLandscapeRight";
				LD_RUNPATH_SEARCH_PATHS = (
					"$(inherited)",
					"@executable_path/Frameworks",
				);
				MARKETING_VERSION = 1.0;
				PRODUCT_BUNDLE_IDENTIFIER = com.dev.eraydel.NativeRequest;
				PRODUCT_NAME = "$(TARGET_NAME)";
				SWIFT_EMIT_LOC_STRINGS = YES;
				SWIFT_VERSION = 5.0;
				TARGETED_DEVICE_FAMILY = "1,2";
			};
			name = Release;
		};
/* End XCBuildConfiguration section */

/* Begin XCConfigurationList section */
		D03C3E34282F3C750018B0C9 /* Build configuration list for PBXProject "NativeRequest" */ = {
			isa = XCConfigurationList;
			buildConfigurations = (
				D03C3E4E282F3C770018B0C9 /* Debug */,
				D03C3E4F282F3C770018B0C9 /* Release */,
			);
			defaultConfigurationIsVisible = 0;
			defaultConfigurationName = Release;
		};
		D03C3E50282F3C770018B0C9 /* Build configuration list for PBXNativeTarget "NativeRequest" */ = {
			isa = XCConfigurationList;
			buildConfigurations = (
				D03C3E51282F3C770018B0C9 /* Debug */,
				D03C3E52282F3C770018B0C9 /* Release */,
			);
			defaultConfigurationIsVisible = 0;
			defaultConfigurationName = Release;
		};
/* End XCConfigurationList section */

/* Begin XCVersionGroup section */
		D03C3E45282F3C750018B0C9 /* NativeRequest.xcdatamodeld */ = {
			isa = XCVersionGroup;
			children = (
				D03C3E46282F3C750018B0C9 /* NativeRequest.xcdatamodel */,
			);
			currentVersion = D03C3E46282F3C750018B0C9 /* NativeRequest.xcdatamodel */;
			path = NativeRequest.xcdatamodeld;
			sourceTree = "<group>";
			versionGroupType = wrapper.xcdatamodel;
		};
/* End XCVersionGroup section */
	};
	rootObject = D03C3E31282F3C750018B0C9 /* Project object */;
}
